
Microsoft Visual Studio Solution File, Format Version 12.00
# Visual Studio Version 17
VisualStudioVersion = 17.3.32922.545
MinimumVisualStudioVersion = 10.0.40219.1
Project("{FAE04EC0-301F-11D3-BF4B-00C04F79EFBC}") = "SensifyREST", "SensifyREST\SensifyREST.csproj", "{2F01F22A-E80F-4A69-A930-722550A7CF2D}"
EndProject
Global
	GlobalSection(SolutionConfigurationPlatforms) = preSolution
		Debug|Any CPU = Debug|Any CPU
		Release|Any CPU = Release|Any CPU
	EndGlobalSection
	GlobalSection(ProjectConfigurationPlatforms) = postSolution
		{2F01F22A-E80F-4A69-A930-722550A7CF2D}.Debug|Any CPU.ActiveCfg = Debug|Any CPU
		{2F01F22A-E80F-4A69-A930-722550A7CF2D}.Debug|Any CPU.Build.0 = Debug|Any CPU
		{2F01F22A-E80F-4A69-A930-722550A7CF2D}.Release|Any CPU.ActiveCfg = Release|Any CPU
		{2F01F22A-E80F-4A69-A930-722550A7CF2D}.Release|Any CPU.Build.0 = Release|Any CPU
	EndGlobalSection
	GlobalSection(SolutionProperties) = preSolution
		HideSolutionNode = FALSE
	EndGlobalSection
	GlobalSection(ExtensibilityGlobals) = postSolution
		SolutionGuid = {DF92084A-DC8D-4279-9476-AB598DF60830}
	EndGlobalSection
EndGlobal
