
Microsoft Visual Studio Solution File, Format Version 12.00
# Visual Studio Version 17
VisualStudioVersion = 17.3.32825.248
MinimumVisualStudioVersion = 10.0.40219.1
Project("{FAE04EC0-301F-11D3-BF4B-00C04F79EFBC}") = "SensifyREST", "SensifyREST\SensifyREST.csproj", "{A929D66A-53F4-46BF-A3F3-0F5AB3F22D7A}"
EndProject
Global
	GlobalSection(SolutionConfigurationPlatforms) = preSolution
		Debug|Any CPU = Debug|Any CPU
		Release|Any CPU = Release|Any CPU
	EndGlobalSection
	GlobalSection(ProjectConfigurationPlatforms) = postSolution
		{A929D66A-53F4-46BF-A3F3-0F5AB3F22D7A}.Debug|Any CPU.ActiveCfg = Debug|Any CPU
		{A929D66A-53F4-46BF-A3F3-0F5AB3F22D7A}.Debug|Any CPU.Build.0 = Debug|Any CPU
		{A929D66A-53F4-46BF-A3F3-0F5AB3F22D7A}.Release|Any CPU.ActiveCfg = Release|Any CPU
		{A929D66A-53F4-46BF-A3F3-0F5AB3F22D7A}.Release|Any CPU.Build.0 = Release|Any CPU
	EndGlobalSection
	GlobalSection(SolutionProperties) = preSolution
		HideSolutionNode = FALSE
	EndGlobalSection
	GlobalSection(ExtensibilityGlobals) = postSolution
		SolutionGuid = {B122913F-E8D4-42FF-A2E1-D497C3D32F9F}
	EndGlobalSection
EndGlobal
